// !$*UTF8*$!
{
	archiveVersion = 1;
	classes = {
	};
	objectVersion = 50;
	objects = {

/* Begin PBXBuildFile section */
		908A6C4621A38397000AC5A1 /* AppDelegate.swift in Sources */ = {isa = PBXBuildFile; fileRef = 908A6C4521A38397000AC5A1 /* AppDelegate.swift */; };
		908A6C4821A38397000AC5A1 /* ViewController.swift in Sources */ = {isa = PBXBuildFile; fileRef = 908A6C4721A38397000AC5A1 /* ViewController.swift */; };
		908A6C4B21A38397000AC5A1 /* Main.storyboard in Resources */ = {isa = PBXBuildFile; fileRef = 908A6C4921A38397000AC5A1 /* Main.storyboard */; };
		908A6C4D21A38398000AC5A1 /* Assets.xcassets in Resources */ = {isa = PBXBuildFile; fileRef = 908A6C4C21A38398000AC5A1 /* Assets.xcassets */; };
		908A6C5021A38398000AC5A1 /* LaunchScreen.storyboard in Resources */ = {isa = PBXBuildFile; fileRef = 908A6C4E21A38398000AC5A1 /* LaunchScreen.storyboard */; };
		908A6C5B21A38398000AC5A1 /* udderTests.swift in Sources */ = {isa = PBXBuildFile; fileRef = 908A6C5A21A38398000AC5A1 /* udderTests.swift */; };
/* End PBXBuildFile section */

/* Begin PBXContainerItemProxy section */
		908A6C5721A38398000AC5A1 /* PBXContainerItemProxy */ = {
			isa = PBXContainerItemProxy;
			containerPortal = 908A6C3A21A38397000AC5A1 /* Project object */;
			proxyType = 1;
			remoteGlobalIDString = 908A6C4121A38397000AC5A1;
			remoteInfo = udder;
		};
/* End PBXContainerItemProxy section */

/* Begin PBXFileReference section */
		908A6C4221A38397000AC5A1 /* udder.app */ = {isa = PBXFileReference; explicitFileType = wrapper.application; includeInIndex = 0; path = udder.app; sourceTree = BUILT_PRODUCTS_DIR; };
		908A6C4521A38397000AC5A1 /* AppDelegate.swift */ = {isa = PBXFileReference; lastKnownFileType = sourcecode.swift; path = AppDelegate.swift; sourceTree = "<group>"; };
		908A6C4721A38397000AC5A1 /* ViewController.swift */ = {isa = PBXFileReference; lastKnownFileType = sourcecode.swift; path = ViewController.swift; sourceTree = "<group>"; };
		908A6C4A21A38397000AC5A1 /* Base */ = {isa = PBXFileReference; lastKnownFileType = file.storyboard; name = Base; path = Base.lproj/Main.storyboard; sourceTree = "<group>"; };
		908A6C4C21A38398000AC5A1 /* Assets.xcassets */ = {isa = PBXFileReference; lastKnownFileType = folder.assetcatalog; path = Assets.xcassets; sourceTree = "<group>"; };
		908A6C4F21A38398000AC5A1 /* Base */ = {isa = PBXFileReference; lastKnownFileType = file.storyboard; name = Base; path = Base.lproj/LaunchScreen.storyboard; sourceTree = "<group>"; };
		908A6C5121A38398000AC5A1 /* Info.plist */ = {isa = PBXFileReference; lastKnownFileType = text.plist.xml; path = Info.plist; sourceTree = "<group>"; };
		908A6C5621A38398000AC5A1 /* udderTests.xctest */ = {isa = PBXFileReference; explicitFileType = wrapper.cfbundle; includeInIndex = 0; path = udderTests.xctest; sourceTree = BUILT_PRODUCTS_DIR; };
		908A6C5A21A38398000AC5A1 /* udderTests.swift */ = {isa = PBXFileReference; lastKnownFileType = sourcecode.swift; path = udderTests.swift; sourceTree = "<group>"; };
		908A6C5C21A38398000AC5A1 /* Info.plist */ = {isa = PBXFileReference; lastKnownFileType = text.plist.xml; path = Info.plist; sourceTree = "<group>"; };
/* End PBXFileReference section */

/* Begin PBXFrameworksBuildPhase section */
		908A6C3F21A38397000AC5A1 /* Frameworks */ = {
			isa = PBXFrameworksBuildPhase;
			buildActionMask = 2147483647;
			files = (
			);
			runOnlyForDeploymentPostprocessing = 0;
		};
		908A6C5321A38398000AC5A1 /* Frameworks */ = {
			isa = PBXFrameworksBuildPhase;
			buildActionMask = 2147483647;
			files = (
			);
			runOnlyForDeploymentPostprocessing = 0;
		};
/* End PBXFrameworksBuildPhase section */

/* Begin PBXGroup section */
		908A6C3921A38397000AC5A1 = {
			isa = PBXGroup;
			children = (
				908A6C4421A38397000AC5A1 /* udder */,
				908A6C5921A38398000AC5A1 /* udderTests */,
				908A6C4321A38397000AC5A1 /* Products */,
			);
			sourceTree = "<group>";
		};
		908A6C4321A38397000AC5A1 /* Products */ = {
			isa = PBXGroup;
			children = (
				908A6C4221A38397000AC5A1 /* udder.app */,
				908A6C5621A38398000AC5A1 /* udderTests.xctest */,
			);
			name = Products;
			sourceTree = "<group>";
		};
		908A6C4421A38397000AC5A1 /* udder */ = {
			isa = PBXGroup;
			children = (
				908A6C4521A38397000AC5A1 /* AppDelegate.swift */,
				908A6C4721A38397000AC5A1 /* ViewController.swift */,
				908A6C4921A38397000AC5A1 /* Main.storyboard */,
				908A6C4C21A38398000AC5A1 /* Assets.xcassets */,
				908A6C4E21A38398000AC5A1 /* LaunchScreen.storyboard */,
				908A6C5121A38398000AC5A1 /* Info.plist */,
			);
			path = udder;
			sourceTree = "<group>";
		};
		908A6C5921A38398000AC5A1 /* udderTests */ = {
			isa = PBXGroup;
			children = (
				908A6C5A21A38398000AC5A1 /* udderTests.swift */,
				908A6C5C21A38398000AC5A1 /* Info.plist */,
			);
			path = udderTests;
			sourceTree = "<group>";
		};
/* End PBXGroup section */

/* Begin PBXNativeTarget section */
		908A6C4121A38397000AC5A1 /* udder */ = {
			isa = PBXNativeTarget;
			buildConfigurationList = 908A6C5F21A38398000AC5A1 /* Build configuration list for PBXNativeTarget "udder" */;
			buildPhases = (
				908A6C3E21A38397000AC5A1 /* Sources */,
				908A6C3F21A38397000AC5A1 /* Frameworks */,
				908A6C4021A38397000AC5A1 /* Resources */,
			);
			buildRules = (
			);
			dependencies = (
			);
			name = udder;
			productName = udder;
			productReference = 908A6C4221A38397000AC5A1 /* udder.app */;
			productType = "com.apple.product-type.application";
		};
		908A6C5521A38398000AC5A1 /* udderTests */ = {
			isa = PBXNativeTarget;
			buildConfigurationList = 908A6C6221A38398000AC5A1 /* Build configuration list for PBXNativeTarget "udderTests" */;
			buildPhases = (
				908A6C5221A38398000AC5A1 /* Sources */,
				908A6C5321A38398000AC5A1 /* Frameworks */,
				908A6C5421A38398000AC5A1 /* Resources */,
			);
			buildRules = (
			);
			dependencies = (
				908A6C5821A38398000AC5A1 /* PBXTargetDependency */,
			);
			name = udderTests;
			productName = udderTests;
			productReference = 908A6C5621A38398000AC5A1 /* udderTests.xctest */;
			productType = "com.apple.product-type.bundle.unit-test";
		};
/* End PBXNativeTarget section */

/* Begin PBXProject section */
		908A6C3A21A38397000AC5A1 /* Project object */ = {
			isa = PBXProject;
			attributes = {
				LastSwiftUpdateCheck = 1010;
				LastUpgradeCheck = 1010;
				ORGANIZATIONNAME = "Greg Hughes";
				TargetAttributes = {
					908A6C4121A38397000AC5A1 = {
						CreatedOnToolsVersion = 10.1;
					};
					908A6C5521A38398000AC5A1 = {
						CreatedOnToolsVersion = 10.1;
						TestTargetID = 908A6C4121A38397000AC5A1;
					};
				};
			};
			buildConfigurationList = 908A6C3D21A38397000AC5A1 /* Build configuration list for PBXProject "udder" */;
			compatibilityVersion = "Xcode 9.3";
			developmentRegion = en;
			hasScannedForEncodings = 0;
			knownRegions = (
				en,
				Base,
			);
			mainGroup = 908A6C3921A38397000AC5A1;
			productRefGroup = 908A6C4321A38397000AC5A1 /* Products */;
			projectDirPath = "";
			projectRoot = "";
			targets = (
				908A6C4121A38397000AC5A1 /* udder */,
				908A6C5521A38398000AC5A1 /* udderTests */,
			);
		};
/* End PBXProject section */

/* Begin PBXResourcesBuildPhase section */
		908A6C4021A38397000AC5A1 /* Resources */ = {
			isa = PBXResourcesBuildPhase;
			buildActionMask = 2147483647;
			files = (
				908A6C5021A38398000AC5A1 /* LaunchScreen.storyboard in Resources */,
				908A6C4D21A38398000AC5A1 /* Assets.xcassets in Resources */,
				908A6C4B21A38397000AC5A1 /* Main.storyboard in Resources */,
			);
			runOnlyForDeploymentPostprocessing = 0;
		};
		908A6C5421A38398000AC5A1 /* Resources */ = {
			isa = PBXResourcesBuildPhase;
			buildActionMask = 2147483647;
			files = (
			);
			runOnlyForDeploymentPostprocessing = 0;
		};
/* End PBXResourcesBuildPhase section */

/* Begin PBXSourcesBuildPhase section */
		908A6C3E21A38397000AC5A1 /* Sources */ = {
			isa = PBXSourcesBuildPhase;
			buildActionMask = 2147483647;
			files = (
				908A6C4821A38397000AC5A1 /* ViewController.swift in Sources */,
				908A6C4621A38397000AC5A1 /* AppDelegate.swift in Sources */,
			);
			runOnlyForDeploymentPostprocessing = 0;
		};
		908A6C5221A38398000AC5A1 /* Sources */ = {
			isa = PBXSourcesBuildPhase;
			buildActionMask = 2147483647;
			files = (
				908A6C5B21A38398000AC5A1 /* udderTests.swift in Sources */,
			);
			runOnlyForDeploymentPostprocessing = 0;
		};
/* End PBXSourcesBuildPhase section */

/* Begin PBXTargetDependency section */
		908A6C5821A38398000AC5A1 /* PBXTargetDependency */ = {
			isa = PBXTargetDependency;
			target = 908A6C4121A38397000AC5A1 /* udder */;
			targetProxy = 908A6C5721A38398000AC5A1 /* PBXContainerItemProxy */;
		};
/* End PBXTargetDependency section */

/* Begin PBXVariantGroup section */
		908A6C4921A38397000AC5A1 /* Main.storyboard */ = {
			isa = PBXVariantGroup;
			children = (
				908A6C4A21A38397000AC5A1 /* Base */,
			);
			name = Main.storyboard;
			sourceTree = "<group>";
		};
		908A6C4E21A38398000AC5A1 /* LaunchScreen.storyboard */ = {
			isa = PBXVariantGroup;
			children = (
				908A6C4F21A38398000AC5A1 /* Base */,
			);
			name = LaunchScreen.storyboard;
			sourceTree = "<group>";
		};
/* End PBXVariantGroup section */

/* Begin XCBuildConfiguration section */
		908A6C5D21A38398000AC5A1 /* Debug */ = {
			isa = XCBuildConfiguration;
			buildSettings = {
				ALWAYS_SEARCH_USER_PATHS = NO;
				CLANG_ANALYZER_NONNULL = YES;
				CLANG_ANALYZER_NUMBER_OBJECT_CONVERSION = YES_AGGRESSIVE;
				CLANG_CXX_LANGUAGE_STANDARD = "gnu++14";
				CLANG_CXX_LIBRARY = "libc++";
				CLANG_ENABLE_MODULES = YES;
				CLANG_ENABLE_OBJC_ARC = YES;
				CLANG_ENABLE_OBJC_WEAK = YES;
				CLANG_WARN_BLOCK_CAPTURE_AUTORELEASING = YES;
				CLANG_WARN_BOOL_CONVERSION = YES;
				CLANG_WARN_COMMA = YES;
				CLANG_WARN_CONSTANT_CONVERSION = YES;
				CLANG_WARN_DEPRECATED_OBJC_IMPLEMENTATIONS = YES;
				CLANG_WARN_DIRECT_OBJC_ISA_USAGE = YES_ERROR;
				CLANG_WARN_DOCUMENTATION_COMMENTS = YES;
				CLANG_WARN_EMPTY_BODY = YES;
				CLANG_WARN_ENUM_CONVERSION = YES;
				CLANG_WARN_INFINITE_RECURSION = YES;
				CLANG_WARN_INT_CONVERSION = YES;
				CLANG_WARN_NON_LITERAL_NULL_CONVERSION = YES;
				CLANG_WARN_OBJC_IMPLICIT_RETAIN_SELF = YES;
				CLANG_WARN_OBJC_LITERAL_CONVERSION = YES;
				CLANG_WARN_OBJC_ROOT_CLASS = YES_ERROR;
				CLANG_WARN_RANGE_LOOP_ANALYSIS = YES;
				CLANG_WARN_STRICT_PROTOTYPES = YES;
				CLANG_WARN_SUSPICIOUS_MOVE = YES;
				CLANG_WARN_UNGUARDED_AVAILABILITY = YES_AGGRESSIVE;
				CLANG_WARN_UNREACHABLE_CODE = YES;
				CLANG_WARN__DUPLICATE_METHOD_MATCH = YES;
				CODE_SIGN_IDENTITY = "iPhone Developer";
				COPY_PHASE_STRIP = NO;
				DEBUG_INFORMATION_FORMAT = dwarf;
				ENABLE_STRICT_OBJC_MSGSEND = YES;
				ENABLE_TESTABILITY = YES;
				GCC_C_LANGUAGE_STANDARD = gnu11;
				GCC_DYNAMIC_NO_PIC = NO;
				GCC_NO_COMMON_BLOCKS = YES;
				GCC_OPTIMIZATION_LEVEL = 0;
				GCC_PREPROCESSOR_DEFINITIONS = (
					"DEBUG=1",
					"$(inherited)",
				);
				GCC_WARN_64_TO_32_BIT_CONVERSION = YES;
				GCC_WARN_ABOUT_RETURN_TYPE = YES_ERROR;
				GCC_WARN_UNDECLARED_SELECTOR = YES;
				GCC_WARN_UNINITIALIZED_AUTOS = YES_AGGRESSIVE;
				GCC_WARN_UNUSED_FUNCTION = YES;
				GCC_WARN_UNUSED_VARIABLE = YES;
				IPHONEOS_DEPLOYMENT_TARGET = 12.1;
				MTL_ENABLE_DEBUG_INFO = INCLUDE_SOURCE;
				MTL_FAST_MATH = YES;
				ONLY_ACTIVE_ARCH = YES;
				SDKROOT = iphoneos;
				SWIFT_ACTIVE_COMPILATION_CONDITIONS = DEBUG;
				SWIFT_OPTIMIZATION_LEVEL = "-Onone";
			};
			name = Debug;
		};
		908A6C5E21A38398000AC5A1 /* Release */ = {
			isa = XCBuildConfiguration;
			buildSettings = {
				ALWAYS_SEARCH_USER_PATHS = NO;
				CLANG_ANALYZER_NONNULL = YES;
				CLANG_ANALYZER_NUMBER_OBJECT_CONVERSION = YES_AGGRESSIVE;
				CLANG_CXX_LANGUAGE_STANDARD = "gnu++14";
				CLANG_CXX_LIBRARY = "libc++";
				CLANG_ENABLE_MODULES = YES;
				CLANG_ENABLE_OBJC_ARC = YES;
				CLANG_ENABLE_OBJC_WEAK = YES;
				CLANG_WARN_BLOCK_CAPTURE_AUTORELEASING = YES;
				CLANG_WARN_BOOL_CONVERSION = YES;
				CLANG_WARN_COMMA = YES;
				CLANG_WARN_CONSTANT_CONVERSION = YES;
				CLANG_WARN_DEPRECATED_OBJC_IMPLEMENTATIONS = YES;
				CLANG_WARN_DIRECT_OBJC_ISA_USAGE = YES_ERROR;
				CLANG_WARN_DOCUMENTATION_COMMENTS = YES;
				CLANG_WARN_EMPTY_BODY = YES;
				CLANG_WARN_ENUM_CONVERSION = YES;
				CLANG_WARN_INFINITE_RECURSION = YES;
				CLANG_WARN_INT_CONVERSION = YES;
				CLANG_WARN_NON_LITERAL_NULL_CONVERSION = YES;
				CLANG_WARN_OBJC_IMPLICIT_RETAIN_SELF = YES;
				CLANG_WARN_OBJC_LITERAL_CONVERSION = YES;
				CLANG_WARN_OBJC_ROOT_CLASS = YES_ERROR;
				CLANG_WARN_RANGE_LOOP_ANALYSIS = YES;
				CLANG_WARN_STRICT_PROTOTYPES = YES;
				CLANG_WARN_SUSPICIOUS_MOVE = YES;
				CLANG_WARN_UNGUARDED_AVAILABILITY = YES_AGGRESSIVE;
				CLANG_WARN_UNREACHABLE_CODE = YES;
				CLANG_WARN__DUPLICATE_METHOD_MATCH = YES;
				CODE_SIGN_IDENTITY = "iPhone Developer";
				COPY_PHASE_STRIP = NO;
				DEBUG_INFORMATION_FORMAT = "dwarf-with-dsym";
				ENABLE_NS_ASSERTIONS = NO;
				ENABLE_STRICT_OBJC_MSGSEND = YES;
				GCC_C_LANGUAGE_STANDARD = gnu11;
				GCC_NO_COMMON_BLOCKS = YES;
				GCC_WARN_64_TO_32_BIT_CONVERSION = YES;
				GCC_WARN_ABOUT_RETURN_TYPE = YES_ERROR;
				GCC_WARN_UNDECLARED_SELECTOR = YES;
				GCC_WARN_UNINITIALIZED_AUTOS = YES_AGGRESSIVE;
				GCC_WARN_UNUSED_FUNCTION = YES;
				GCC_WARN_UNUSED_VARIABLE = YES;
				IPHONEOS_DEPLOYMENT_TARGET = 12.1;
				MTL_ENABLE_DEBUG_INFO = NO;
				MTL_FAST_MATH = YES;
				SDKROOT = iphoneos;
				SWIFT_COMPILATION_MODE = wholemodule;
				SWIFT_OPTIMIZATION_LEVEL = "-O";
				VALIDATE_PRODUCT = YES;
			};
			name = Release;
		};
		908A6C6021A38398000AC5A1 /* Debug */ = {
			isa = XCBuildConfiguration;
			buildSettings = {
				ASSETCATALOG_COMPILER_APPICON_NAME = AppIcon;
				CODE_SIGN_STYLE = Automatic;
				DEVELOPMENT_TEAM = 57FTCZV5HS;
				INFOPLIST_FILE = udder/Info.plist;
				LD_RUNPATH_SEARCH_PATHS = (
					"$(inherited)",
					"@executable_path/Frameworks",
				);
				PRODUCT_BUNDLE_IDENTIFIER = com.greghughes.udder;
				PRODUCT_NAME = "$(TARGET_NAME)";
				SWIFT_VERSION = 4.2;
				TARGETED_DEVICE_FAMILY = "1,2";
			};
			name = Debug;
		};
		908A6C6121A38398000AC5A1 /* Release */ = {
			isa = XCBuildConfiguration;
			buildSettings = {
				ASSETCATALOG_COMPILER_APPICON_NAME = AppIcon;
				CODE_SIGN_STYLE = Automatic;
				DEVELOPMENT_TEAM = 57FTCZV5HS;
				INFOPLIST_FILE = udder/Info.plist;
				LD_RUNPATH_SEARCH_PATHS = (
					"$(inherited)",
					"@executable_path/Frameworks",
				);
				PRODUCT_BUNDLE_IDENTIFIER = com.greghughes.udder;
				PRODUCT_NAME = "$(TARGET_NAME)";
				SWIFT_VERSION = 4.2;
				TARGETED_DEVICE_FAMILY = "1,2";
			};
			name = Release;
		};
		908A6C6321A38398000AC5A1 /* Debug */ = {
			isa = XCBuildConfiguration;
			buildSettings = {
				ALWAYS_EMBED_SWIFT_STANDARD_LIBRARIES = YES;
				BUNDLE_LOADER = "$(TEST_HOST)";
				CODE_SIGN_STYLE = Automatic;
				DEVELOPMENT_TEAM = 57FTCZV5HS;
				INFOPLIST_FILE = udderTests/Info.plist;
				LD_RUNPATH_SEARCH_PATHS = (
					"$(inherited)",
					"@executable_path/Frameworks",
					"@loader_path/Frameworks",
				);
				PRODUCT_BUNDLE_IDENTIFIER = com.greghughes.udderTests;
				PRODUCT_NAME = "$(TARGET_NAME)";
				SWIFT_VERSION = 4.2;
				TARGETED_DEVICE_FAMILY = "1,2";
				TEST_HOST = "$(BUILT_PRODUCTS_DIR)/udder.app/udder";
			};
			name = Debug;
		};
		908A6C6421A38398000AC5A1 /* Release */ = {
			isa = XCBuildConfiguration;
			buildSettings = {
				ALWAYS_EMBED_SWIFT_STANDARD_LIBRARIES = YES;
				BUNDLE_LOADER = "$(TEST_HOST)";
				CODE_SIGN_STYLE = Automatic;
				DEVELOPMENT_TEAM = 57FTCZV5HS;
				INFOPLIST_FILE = udderTests/Info.plist;
				LD_RUNPATH_SEARCH_PATHS = (
					"$(inherited)",
					"@executable_path/Frameworks",
					"@loader_path/Frameworks",
				);
				PRODUCT_BUNDLE_IDENTIFIER = com.greghughes.udderTests;
				PRODUCT_NAME = "$(TARGET_NAME)";
				SWIFT_VERSION = 4.2;
				TARGETED_DEVICE_FAMILY = "1,2";
				TEST_HOST = "$(BUILT_PRODUCTS_DIR)/udder.app/udder";
			};
			name = Release;
		};
/* End XCBuildConfiguration section */

/* Begin XCConfigurationList section */
		908A6C3D21A38397000AC5A1 /* Build configuration list for PBXProject "udder" */ = {
			isa = XCConfigurationList;
			buildConfigurations = (
				908A6C5D21A38398000AC5A1 /* Debug */,
				908A6C5E21A38398000AC5A1 /* Release */,
			);
			defaultConfigurationIsVisible = 0;
			defaultConfigurationName = Release;
		};
		908A6C5F21A38398000AC5A1 /* Build configuration list for PBXNativeTarget "udder" */ = {
			isa = XCConfigurationList;
			buildConfigurations = (
				908A6C6021A38398000AC5A1 /* Debug */,
				908A6C6121A38398000AC5A1 /* Release */,
			);
			defaultConfigurationIsVisible = 0;
			defaultConfigurationName = Release;
		};
		908A6C6221A38398000AC5A1 /* Build configuration list for PBXNativeTarget "udderTests" */ = {
			isa = XCConfigurationList;
			buildConfigurations = (
				908A6C6321A38398000AC5A1 /* Debug */,
				908A6C6421A38398000AC5A1 /* Release */,
			);
			defaultConfigurationIsVisible = 0;
			defaultConfigurationName = Release;
		};
/* End XCConfigurationList section */
	};
	rootObject = 908A6C3A21A38397000AC5A1 /* Project object */;
}
